
Microsoft Visual Studio Solution File, Format Version 12.00
# Visual Studio Version 16
VisualStudioVersion = 16.0.30611.23
MinimumVisualStudioVersion = 10.0.40219.1
Project("{FAE04EC0-301F-11D3-BF4B-00C04F79EFBC}") = "lua text editor", "lua text editor\lua text editor.csproj", "{675BF4D6-609A-4869-B109-6311868E9639}"
EndProject
Global
	GlobalSection(SolutionConfigurationPlatforms) = preSolution
		Debug|Any CPU = Debug|Any CPU
		Release|Any CPU = Release|Any CPU
	EndGlobalSection
	GlobalSection(ProjectConfigurationPlatforms) = postSolution
		{675BF4D6-609A-4869-B109-6311868E9639}.Debug|Any CPU.ActiveCfg = Debug|Any CPU
		{675BF4D6-609A-4869-B109-6311868E9639}.Debug|Any CPU.Build.0 = Debug|Any CPU
		{675BF4D6-609A-4869-B109-6311868E9639}.Release|Any CPU.ActiveCfg = Release|Any CPU
		{675BF4D6-609A-4869-B109-6311868E9639}.Release|Any CPU.Build.0 = Release|Any CPU
	EndGlobalSection
	GlobalSection(SolutionProperties) = preSolution
		HideSolutionNode = FALSE
	EndGlobalSection
	GlobalSection(ExtensibilityGlobals) = postSolution
		SolutionGuid = {E53655D6-7FCC-4B97-9A83-234D69C8806E}
	EndGlobalSection
EndGlobal
